
Microsoft Visual Studio Solution File, Format Version 12.00
# Visual Studio 14
VisualStudioVersion = 14.0.25420.1
MinimumVisualStudioVersion = 10.0.40219.1
Project("{2150E333-8FDC-42A3-9474-1A3956D46DE8}") = "DataAccess", "DataAccess", "{41CA4985-F281-4527-A8D5-AE1E88785CCF}"
EndProject
Project("{2150E333-8FDC-42A3-9474-1A3956D46DE8}") = "Host", "Host", "{EB8941A9-45FB-4747-94A2-5B3A73C0979B}"
EndProject
Project("{2150E333-8FDC-42A3-9474-1A3956D46DE8}") = "Implementation", "Implementation", "{6D56197D-7AC3-4FA6-9690-3AAEBD5A4CF8}"
EndProject
Project("{2150E333-8FDC-42A3-9474-1A3956D46DE8}") = "BusinessLogic", "BusinessLogic", "{B3EF060F-D449-40D9-9D8B-428E85B973FE}"
EndProject
Project("{2150E333-8FDC-42A3-9474-1A3956D46DE8}") = "API", "API", "{D5DDEDFB-9327-42EC-B74D-BE6C80728B11}"
EndProject
Project("{FAE04EC0-301F-11D3-BF4B-00C04F79EFBC}") = "DAL", "DAL\DAL.csproj", "{BCE60A28-5218-4F8D-833B-F2CD8374C86A}"
EndProject
Project("{FAE04EC0-301F-11D3-BF4B-00C04F79EFBC}") = "PortalSolution", "PortalSolution\PortalSolution.csproj", "{C0C2C2BC-7EAA-4D20-A63E-89EDBE834D54}"
EndProject
Project("{FAE04EC0-301F-11D3-BF4B-00C04F79EFBC}") = "ResultBusinessLogic", "ResultBusinessLogic\ResultBusinessLogic.csproj", "{6FB1783A-3CA7-4784-92FE-2ACA21DFB7EB}"
EndProject
Project("{2150E333-8FDC-42A3-9474-1A3956D46DE8}") = "Utilities", "Utilities", "{213E2567-BDFE-4F81-A1D7-5E7A520CCC56}"
EndProject
Project("{FAE04EC0-301F-11D3-BF4B-00C04F79EFBC}") = "GenericUtility", "GenericUtility\GenericUtility.csproj", "{7BF39883-F48C-4B10-A0BD-716B804790AC}"
EndProject
Project("{FAE04EC0-301F-11D3-BF4B-00C04F79EFBC}") = "RS.Host", "RS.Host\RS.Host.csproj", "{9718BC30-D340-4FE8-BFEB-365C22FC33E7}"
EndProject
Project("{FAE04EC0-301F-11D3-BF4B-00C04F79EFBC}") = "RS.DataContract", "RS.DataContract\RS.DataContract.csproj", "{4965899D-081D-4D0B-BCDB-FB13D0986522}"
EndProject
Project("{FAE04EC0-301F-11D3-BF4B-00C04F79EFBC}") = "RS.Implementation", "RS.Implementation\RS.Implementation.csproj", "{F29CF400-90AD-43CF-B77B-A74A586802E8}"
EndProject
Project("{E24C65DC-7377-472B-9ABA-BC803B73C61A}") = "mine", "http://localhost/mine", "{30284CB8-9347-4F6E-8085-3B4CE136FA36}"
	ProjectSection(WebsiteProperties) = preProject
		UseIISExpress = "false"
		TargetFrameworkMoniker = ".NETFramework,Version%3Dv4.5"
		Debug.AspNetCompiler.VirtualPath = "/mine"
		Debug.AspNetCompiler.PhysicalPath = "..\..\..\..\inetpub\wwwroot\mine\"
		Debug.AspNetCompiler.TargetPath = "PrecompiledWeb\mine\"
		Debug.AspNetCompiler.Updateable = "true"
		Debug.AspNetCompiler.ForceOverwrite = "true"
		Debug.AspNetCompiler.FixedNames = "false"
		Debug.AspNetCompiler.Debug = "True"
		Release.AspNetCompiler.VirtualPath = "/mine"
		Release.AspNetCompiler.PhysicalPath = "..\..\..\..\inetpub\wwwroot\mine\"
		Release.AspNetCompiler.TargetPath = "PrecompiledWeb\mine\"
		Release.AspNetCompiler.Updateable = "true"
		Release.AspNetCompiler.ForceOverwrite = "true"
		Release.AspNetCompiler.FixedNames = "false"
		Release.AspNetCompiler.Debug = "False"
		SlnRelativePath = "..\..\..\..\inetpub\wwwroot\mine\"
	EndProjectSection
EndProject
Project("{FAE04EC0-301F-11D3-BF4B-00C04F79EFBC}") = "WindowsTest", "WindowsTest\WindowsTest.csproj", "{585752CF-6525-4CD0-B95C-10A4FBCB0334}"
EndProject
Global
	GlobalSection(SolutionConfigurationPlatforms) = preSolution
		Debug|Any CPU = Debug|Any CPU
		Release|Any CPU = Release|Any CPU
	EndGlobalSection
	GlobalSection(ProjectConfigurationPlatforms) = postSolution
		{BCE60A28-5218-4F8D-833B-F2CD8374C86A}.Debug|Any CPU.ActiveCfg = Debug|Any CPU
		{BCE60A28-5218-4F8D-833B-F2CD8374C86A}.Debug|Any CPU.Build.0 = Debug|Any CPU
		{BCE60A28-5218-4F8D-833B-F2CD8374C86A}.Release|Any CPU.ActiveCfg = Release|Any CPU
		{BCE60A28-5218-4F8D-833B-F2CD8374C86A}.Release|Any CPU.Build.0 = Release|Any CPU
		{C0C2C2BC-7EAA-4D20-A63E-89EDBE834D54}.Debug|Any CPU.ActiveCfg = Debug|Any CPU
		{C0C2C2BC-7EAA-4D20-A63E-89EDBE834D54}.Debug|Any CPU.Build.0 = Debug|Any CPU
		{C0C2C2BC-7EAA-4D20-A63E-89EDBE834D54}.Release|Any CPU.ActiveCfg = Release|Any CPU
		{C0C2C2BC-7EAA-4D20-A63E-89EDBE834D54}.Release|Any CPU.Build.0 = Release|Any CPU
		{6FB1783A-3CA7-4784-92FE-2ACA21DFB7EB}.Debug|Any CPU.ActiveCfg = Debug|Any CPU
		{6FB1783A-3CA7-4784-92FE-2ACA21DFB7EB}.Debug|Any CPU.Build.0 = Debug|Any CPU
		{6FB1783A-3CA7-4784-92FE-2ACA21DFB7EB}.Release|Any CPU.ActiveCfg = Release|Any CPU
		{6FB1783A-3CA7-4784-92FE-2ACA21DFB7EB}.Release|Any CPU.Build.0 = Release|Any CPU
		{7BF39883-F48C-4B10-A0BD-716B804790AC}.Debug|Any CPU.ActiveCfg = Debug|Any CPU
		{7BF39883-F48C-4B10-A0BD-716B804790AC}.Debug|Any CPU.Build.0 = Debug|Any CPU
		{7BF39883-F48C-4B10-A0BD-716B804790AC}.Release|Any CPU.ActiveCfg = Release|Any CPU
		{7BF39883-F48C-4B10-A0BD-716B804790AC}.Release|Any CPU.Build.0 = Release|Any CPU
		{9718BC30-D340-4FE8-BFEB-365C22FC33E7}.Debug|Any CPU.ActiveCfg = Debug|Any CPU
		{9718BC30-D340-4FE8-BFEB-365C22FC33E7}.Debug|Any CPU.Build.0 = Debug|Any CPU
		{9718BC30-D340-4FE8-BFEB-365C22FC33E7}.Release|Any CPU.ActiveCfg = Release|Any CPU
		{9718BC30-D340-4FE8-BFEB-365C22FC33E7}.Release|Any CPU.Build.0 = Release|Any CPU
		{4965899D-081D-4D0B-BCDB-FB13D0986522}.Debug|Any CPU.ActiveCfg = Debug|Any CPU
		{4965899D-081D-4D0B-BCDB-FB13D0986522}.Debug|Any CPU.Build.0 = Debug|Any CPU
		{4965899D-081D-4D0B-BCDB-FB13D0986522}.Release|Any CPU.ActiveCfg = Release|Any CPU
		{4965899D-081D-4D0B-BCDB-FB13D0986522}.Release|Any CPU.Build.0 = Release|Any CPU
		{F29CF400-90AD-43CF-B77B-A74A586802E8}.Debug|Any CPU.ActiveCfg = Debug|Any CPU
		{F29CF400-90AD-43CF-B77B-A74A586802E8}.Debug|Any CPU.Build.0 = Debug|Any CPU
		{F29CF400-90AD-43CF-B77B-A74A586802E8}.Release|Any CPU.ActiveCfg = Release|Any CPU
		{F29CF400-90AD-43CF-B77B-A74A586802E8}.Release|Any CPU.Build.0 = Release|Any CPU
		{30284CB8-9347-4F6E-8085-3B4CE136FA36}.Debug|Any CPU.ActiveCfg = Debug|Any CPU
		{30284CB8-9347-4F6E-8085-3B4CE136FA36}.Debug|Any CPU.Build.0 = Debug|Any CPU
		{30284CB8-9347-4F6E-8085-3B4CE136FA36}.Release|Any CPU.ActiveCfg = Debug|Any CPU
		{30284CB8-9347-4F6E-8085-3B4CE136FA36}.Release|Any CPU.Build.0 = Debug|Any CPU
		{585752CF-6525-4CD0-B95C-10A4FBCB0334}.Debug|Any CPU.ActiveCfg = Debug|Any CPU
		{585752CF-6525-4CD0-B95C-10A4FBCB0334}.Debug|Any CPU.Build.0 = Debug|Any CPU
		{585752CF-6525-4CD0-B95C-10A4FBCB0334}.Release|Any CPU.ActiveCfg = Release|Any CPU
		{585752CF-6525-4CD0-B95C-10A4FBCB0334}.Release|Any CPU.Build.0 = Release|Any CPU
	EndGlobalSection
	GlobalSection(SolutionProperties) = preSolution
		HideSolutionNode = FALSE
	EndGlobalSection
	GlobalSection(NestedProjects) = preSolution
		{BCE60A28-5218-4F8D-833B-F2CD8374C86A} = {41CA4985-F281-4527-A8D5-AE1E88785CCF}
		{C0C2C2BC-7EAA-4D20-A63E-89EDBE834D54} = {EB8941A9-45FB-4747-94A2-5B3A73C0979B}
		{6FB1783A-3CA7-4784-92FE-2ACA21DFB7EB} = {B3EF060F-D449-40D9-9D8B-428E85B973FE}
		{7BF39883-F48C-4B10-A0BD-716B804790AC} = {213E2567-BDFE-4F81-A1D7-5E7A520CCC56}
		{9718BC30-D340-4FE8-BFEB-365C22FC33E7} = {EB8941A9-45FB-4747-94A2-5B3A73C0979B}
		{4965899D-081D-4D0B-BCDB-FB13D0986522} = {6D56197D-7AC3-4FA6-9690-3AAEBD5A4CF8}
		{F29CF400-90AD-43CF-B77B-A74A586802E8} = {6D56197D-7AC3-4FA6-9690-3AAEBD5A4CF8}
		{30284CB8-9347-4F6E-8085-3B4CE136FA36} = {EB8941A9-45FB-4747-94A2-5B3A73C0979B}
		{585752CF-6525-4CD0-B95C-10A4FBCB0334} = {EB8941A9-45FB-4747-94A2-5B3A73C0979B}
	EndGlobalSection
EndGlobal
